
Microsoft Visual Studio Solution File, Format Version 12.00
# Visual Studio Version 17
VisualStudioVersion = 17.14.36518.9
MinimumVisualStudioVersion = 10.0.40219.1
Project("{FAE04EC0-301F-11D3-BF4B-00C04F79EFBC}") = "AccountingService.Host", "src\AccountingService\src\AccountingService.Host\AccountingService.Host.csproj", "{2D69732E-3FFB-4524-BD38-AEDEE9E220B1}"
EndProject
Project("{2150E333-8FDC-42A3-9474-1A3956D46DE8}") = "src", "src", "{02EA681E-C7D8-13C7-8484-4AC65E1B71E8}"
EndProject
Project("{FAE04EC0-301F-11D3-BF4B-00C04F79EFBC}") = "Common", "src\Common\Common.csproj", "{FB2A54BD-8089-4991-B7A3-BBD76287DF3E}"
EndProject
Project("{FAE04EC0-301F-11D3-BF4B-00C04F79EFBC}") = "AccountingService.Presentation", "src\AccountingService.Presentation\AccountingService.Presentation.csproj", "{EE20EC90-8D87-44FB-8F92-ED5F4FBCA92D}"
EndProject
Project("{FAE04EC0-301F-11D3-BF4B-00C04F79EFBC}") = "Service", "src\Service\Service.csproj", "{25037F49-9907-4081-B1A3-93BC21EAB1D4}"
EndProject
Project("{FAE04EC0-301F-11D3-BF4B-00C04F79EFBC}") = "Infrastructure", "src\Infrastructure\Infrastructure.csproj", "{6F89963A-453D-4503-8A42-D3558E8CE346}"
EndProject
Global
	GlobalSection(SolutionConfigurationPlatforms) = preSolution
		Debug|Any CPU = Debug|Any CPU
		Release|Any CPU = Release|Any CPU
	EndGlobalSection
	GlobalSection(ProjectConfigurationPlatforms) = postSolution
		{2D69732E-3FFB-4524-BD38-AEDEE9E220B1}.Debug|Any CPU.ActiveCfg = Debug|Any CPU
		{2D69732E-3FFB-4524-BD38-AEDEE9E220B1}.Debug|Any CPU.Build.0 = Debug|Any CPU
		{2D69732E-3FFB-4524-BD38-AEDEE9E220B1}.Release|Any CPU.ActiveCfg = Release|Any CPU
		{2D69732E-3FFB-4524-BD38-AEDEE9E220B1}.Release|Any CPU.Build.0 = Release|Any CPU
		{FB2A54BD-8089-4991-B7A3-BBD76287DF3E}.Debug|Any CPU.ActiveCfg = Debug|Any CPU
		{FB2A54BD-8089-4991-B7A3-BBD76287DF3E}.Debug|Any CPU.Build.0 = Debug|Any CPU
		{FB2A54BD-8089-4991-B7A3-BBD76287DF3E}.Release|Any CPU.ActiveCfg = Release|Any CPU
		{FB2A54BD-8089-4991-B7A3-BBD76287DF3E}.Release|Any CPU.Build.0 = Release|Any CPU
		{EE20EC90-8D87-44FB-8F92-ED5F4FBCA92D}.Debug|Any CPU.ActiveCfg = Debug|Any CPU
		{EE20EC90-8D87-44FB-8F92-ED5F4FBCA92D}.Debug|Any CPU.Build.0 = Debug|Any CPU
		{EE20EC90-8D87-44FB-8F92-ED5F4FBCA92D}.Release|Any CPU.ActiveCfg = Release|Any CPU
		{EE20EC90-8D87-44FB-8F92-ED5F4FBCA92D}.Release|Any CPU.Build.0 = Release|Any CPU
		{25037F49-9907-4081-B1A3-93BC21EAB1D4}.Debug|Any CPU.ActiveCfg = Debug|Any CPU
		{25037F49-9907-4081-B1A3-93BC21EAB1D4}.Debug|Any CPU.Build.0 = Debug|Any CPU
		{25037F49-9907-4081-B1A3-93BC21EAB1D4}.Release|Any CPU.ActiveCfg = Release|Any CPU
		{25037F49-9907-4081-B1A3-93BC21EAB1D4}.Release|Any CPU.Build.0 = Release|Any CPU
		{6F89963A-453D-4503-8A42-D3558E8CE346}.Debug|Any CPU.ActiveCfg = Debug|Any CPU
		{6F89963A-453D-4503-8A42-D3558E8CE346}.Debug|Any CPU.Build.0 = Debug|Any CPU
		{6F89963A-453D-4503-8A42-D3558E8CE346}.Release|Any CPU.ActiveCfg = Release|Any CPU
		{6F89963A-453D-4503-8A42-D3558E8CE346}.Release|Any CPU.Build.0 = Release|Any CPU
	EndGlobalSection
	GlobalSection(SolutionProperties) = preSolution
		HideSolutionNode = FALSE
	EndGlobalSection
	GlobalSection(NestedProjects) = preSolution
		{2D69732E-3FFB-4524-BD38-AEDEE9E220B1} = {02EA681E-C7D8-13C7-8484-4AC65E1B71E8}
		{FB2A54BD-8089-4991-B7A3-BBD76287DF3E} = {02EA681E-C7D8-13C7-8484-4AC65E1B71E8}
		{EE20EC90-8D87-44FB-8F92-ED5F4FBCA92D} = {02EA681E-C7D8-13C7-8484-4AC65E1B71E8}
		{25037F49-9907-4081-B1A3-93BC21EAB1D4} = {02EA681E-C7D8-13C7-8484-4AC65E1B71E8}
		{6F89963A-453D-4503-8A42-D3558E8CE346} = {02EA681E-C7D8-13C7-8484-4AC65E1B71E8}
	EndGlobalSection
	GlobalSection(ExtensibilityGlobals) = postSolution
		SolutionGuid = {D93EC9DD-7331-409D-AE84-F5C03420F177}
	EndGlobalSection
EndGlobal
